
Microsoft Visual Studio Solution File, Format Version 12.00
# Visual Studio Version 17
VisualStudioVersion = 17.8.34330.188
MinimumVisualStudioVersion = 10.0.40219.1
Project("{9A19103F-16F7-4668-BE54-9A1E7A4F7556}") = "EMS.BACKEND.API", "EMS.BACKEND.API\EMS.BACKEND.API.csproj", "{47732427-DF27-4D24-83CF-CE2B0FFE14DB}"
EndProject
Project("{FAE04EC0-301F-11D3-BF4B-00C04F79EFBC}") = "SharedClassLibrary", "SharedClassLibrary\SharedClassLibrary.csproj", "{521EF834-87E1-4FE0-8918-C0E8FB247E14}"
EndProject
Global
	GlobalSection(SolutionConfigurationPlatforms) = preSolution
		Debug|Any CPU = Debug|Any CPU
		Release|Any CPU = Release|Any CPU
	EndGlobalSection
	GlobalSection(ProjectConfigurationPlatforms) = postSolution
		{47732427-DF27-4D24-83CF-CE2B0FFE14DB}.Debug|Any CPU.ActiveCfg = Debug|Any CPU
		{47732427-DF27-4D24-83CF-CE2B0FFE14DB}.Debug|Any CPU.Build.0 = Debug|Any CPU
		{47732427-DF27-4D24-83CF-CE2B0FFE14DB}.Release|Any CPU.ActiveCfg = Release|Any CPU
		{47732427-DF27-4D24-83CF-CE2B0FFE14DB}.Release|Any CPU.Build.0 = Release|Any CPU
		{521EF834-87E1-4FE0-8918-C0E8FB247E14}.Debug|Any CPU.ActiveCfg = Debug|Any CPU
		{521EF834-87E1-4FE0-8918-C0E8FB247E14}.Debug|Any CPU.Build.0 = Debug|Any CPU
		{521EF834-87E1-4FE0-8918-C0E8FB247E14}.Release|Any CPU.ActiveCfg = Release|Any CPU
		{521EF834-87E1-4FE0-8918-C0E8FB247E14}.Release|Any CPU.Build.0 = Release|Any CPU
	EndGlobalSection
	GlobalSection(SolutionProperties) = preSolution
		HideSolutionNode = FALSE
	EndGlobalSection
	GlobalSection(ExtensibilityGlobals) = postSolution
		SolutionGuid = {C8274C11-88DE-49F2-8DD3-C5CA053FF828}
	EndGlobalSection
EndGlobal
